
Microsoft Visual Studio Solution File, Format Version 12.00
# Visual Studio Version 17
VisualStudioVersion = 17.4.33110.190
MinimumVisualStudioVersion = 10.0.40219.1
Project("{FAE04EC0-301F-11D3-BF4B-00C04F79EFBC}") = "MagicVilla_API", "MagicVilla_API\MagicVilla_API.csproj", "{D3F560D5-3856-4D09-9902-1517CD4DCF35}"
EndProject
Global
	GlobalSection(SolutionConfigurationPlatforms) = preSolution
		Debug|Any CPU = Debug|Any CPU
		Release|Any CPU = Release|Any CPU
	EndGlobalSection
	GlobalSection(ProjectConfigurationPlatforms) = postSolution
		{D3F560D5-3856-4D09-9902-1517CD4DCF35}.Debug|Any CPU.ActiveCfg = Debug|Any CPU
		{D3F560D5-3856-4D09-9902-1517CD4DCF35}.Debug|Any CPU.Build.0 = Debug|Any CPU
		{D3F560D5-3856-4D09-9902-1517CD4DCF35}.Release|Any CPU.ActiveCfg = Release|Any CPU
		{D3F560D5-3856-4D09-9902-1517CD4DCF35}.Release|Any CPU.Build.0 = Release|Any CPU
	EndGlobalSection
	GlobalSection(SolutionProperties) = preSolution
		HideSolutionNode = FALSE
	EndGlobalSection
	GlobalSection(ExtensibilityGlobals) = postSolution
		SolutionGuid = {0E1F1F31-F57D-4A20-9E24-D109AFFAF75D}
	EndGlobalSection
EndGlobal
